
Microsoft Visual Studio Solution File, Format Version 12.00
# Visual Studio Version 17
VisualStudioVersion = 17.0.31423.177
MinimumVisualStudioVersion = 10.0.40219.1
Project("{FAE04EC0-301F-11D3-BF4B-00C04F79EFBC}") = "PatternsPart1", "PatternsPart1\PatternsPart1.csproj", "{967873FE-7714-44FA-9890-A349CD6454AF}"
EndProject
Global
	GlobalSection(SolutionConfigurationPlatforms) = preSolution
		Debug|Any CPU = Debug|Any CPU
		Release|Any CPU = Release|Any CPU
	EndGlobalSection
	GlobalSection(ProjectConfigurationPlatforms) = postSolution
		{967873FE-7714-44FA-9890-A349CD6454AF}.Debug|Any CPU.ActiveCfg = Debug|Any CPU
		{967873FE-7714-44FA-9890-A349CD6454AF}.Debug|Any CPU.Build.0 = Debug|Any CPU
		{967873FE-7714-44FA-9890-A349CD6454AF}.Release|Any CPU.ActiveCfg = Release|Any CPU
		{967873FE-7714-44FA-9890-A349CD6454AF}.Release|Any CPU.Build.0 = Release|Any CPU
	EndGlobalSection
	GlobalSection(SolutionProperties) = preSolution
		HideSolutionNode = FALSE
	EndGlobalSection
	GlobalSection(ExtensibilityGlobals) = postSolution
		SolutionGuid = {74FDD2B9-E5DD-4B50-802B-0ED2EA58ED8B}
	EndGlobalSection
EndGlobal
